// !$*UTF8*$!
{
	archiveVersion = 1;
	classes = {
	};
	objectVersion = 50;
	objects = {

/* Begin PBXBuildFile section */
		EBBF0AF123FCA02600A1904F /* AppDelegate.swift in Sources */ = {isa = PBXBuildFile; fileRef = EBBF0AF023FCA02600A1904F /* AppDelegate.swift */; };
		EBBF0AF323FCA02600A1904F /* ViewController.swift in Sources */ = {isa = PBXBuildFile; fileRef = EBBF0AF223FCA02600A1904F /* ViewController.swift */; };
		EBBF0AF623FCA02600A1904F /* Main.storyboard in Resources */ = {isa = PBXBuildFile; fileRef = EBBF0AF423FCA02600A1904F /* Main.storyboard */; };
		EBBF0AF823FCA02800A1904F /* Assets.xcassets in Resources */ = {isa = PBXBuildFile; fileRef = EBBF0AF723FCA02800A1904F /* Assets.xcassets */; };
		EBBF0AFB23FCA02800A1904F /* LaunchScreen.storyboard in Resources */ = {isa = PBXBuildFile; fileRef = EBBF0AF923FCA02800A1904F /* LaunchScreen.storyboard */; };
		EBBF0B0623FCA02800A1904F /* ParstagramTests.swift in Sources */ = {isa = PBXBuildFile; fileRef = EBBF0B0523FCA02800A1904F /* ParstagramTests.swift */; };
		EBBF0B1123FCA02800A1904F /* ParstagramUITests.swift in Sources */ = {isa = PBXBuildFile; fileRef = EBBF0B1023FCA02800A1904F /* ParstagramUITests.swift */; };
/* End PBXBuildFile section */

/* Begin PBXContainerItemProxy section */
		EBBF0B0223FCA02800A1904F /* PBXContainerItemProxy */ = {
			isa = PBXContainerItemProxy;
			containerPortal = EBBF0AE523FCA02600A1904F /* Project object */;
			proxyType = 1;
			remoteGlobalIDString = EBBF0AEC23FCA02600A1904F;
			remoteInfo = Parstagram;
		};
		EBBF0B0D23FCA02800A1904F /* PBXContainerItemProxy */ = {
			isa = PBXContainerItemProxy;
			containerPortal = EBBF0AE523FCA02600A1904F /* Project object */;
			proxyType = 1;
			remoteGlobalIDString = EBBF0AEC23FCA02600A1904F;
			remoteInfo = Parstagram;
		};
/* End PBXContainerItemProxy section */

/* Begin PBXFileReference section */
		EBBF0AED23FCA02600A1904F /* Parstagram.app */ = {isa = PBXFileReference; explicitFileType = wrapper.application; includeInIndex = 0; path = Parstagram.app; sourceTree = BUILT_PRODUCTS_DIR; };
		EBBF0AF023FCA02600A1904F /* AppDelegate.swift */ = {isa = PBXFileReference; lastKnownFileType = sourcecode.swift; path = AppDelegate.swift; sourceTree = "<group>"; };
		EBBF0AF223FCA02600A1904F /* ViewController.swift */ = {isa = PBXFileReference; lastKnownFileType = sourcecode.swift; path = ViewController.swift; sourceTree = "<group>"; };
		EBBF0AF523FCA02600A1904F /* Base */ = {isa = PBXFileReference; lastKnownFileType = file.storyboard; name = Base; path = Base.lproj/Main.storyboard; sourceTree = "<group>"; };
		EBBF0AF723FCA02800A1904F /* Assets.xcassets */ = {isa = PBXFileReference; lastKnownFileType = folder.assetcatalog; path = Assets.xcassets; sourceTree = "<group>"; };
		EBBF0AFA23FCA02800A1904F /* Base */ = {isa = PBXFileReference; lastKnownFileType = file.storyboard; name = Base; path = Base.lproj/LaunchScreen.storyboard; sourceTree = "<group>"; };
		EBBF0AFC23FCA02800A1904F /* Info.plist */ = {isa = PBXFileReference; lastKnownFileType = text.plist.xml; path = Info.plist; sourceTree = "<group>"; };
		EBBF0B0123FCA02800A1904F /* ParstagramTests.xctest */ = {isa = PBXFileReference; explicitFileType = wrapper.cfbundle; includeInIndex = 0; path = ParstagramTests.xctest; sourceTree = BUILT_PRODUCTS_DIR; };
		EBBF0B0523FCA02800A1904F /* ParstagramTests.swift */ = {isa = PBXFileReference; lastKnownFileType = sourcecode.swift; path = ParstagramTests.swift; sourceTree = "<group>"; };
		EBBF0B0723FCA02800A1904F /* Info.plist */ = {isa = PBXFileReference; lastKnownFileType = text.plist.xml; path = Info.plist; sourceTree = "<group>"; };
		EBBF0B0C23FCA02800A1904F /* ParstagramUITests.xctest */ = {isa = PBXFileReference; explicitFileType = wrapper.cfbundle; includeInIndex = 0; path = ParstagramUITests.xctest; sourceTree = BUILT_PRODUCTS_DIR; };
		EBBF0B1023FCA02800A1904F /* ParstagramUITests.swift */ = {isa = PBXFileReference; lastKnownFileType = sourcecode.swift; path = ParstagramUITests.swift; sourceTree = "<group>"; };
		EBBF0B1223FCA02800A1904F /* Info.plist */ = {isa = PBXFileReference; lastKnownFileType = text.plist.xml; path = Info.plist; sourceTree = "<group>"; };
/* End PBXFileReference section */

/* Begin PBXFrameworksBuildPhase section */
		EBBF0AEA23FCA02600A1904F /* Frameworks */ = {
			isa = PBXFrameworksBuildPhase;
			buildActionMask = 2147483647;
			files = (
			);
			runOnlyForDeploymentPostprocessing = 0;
		};
		EBBF0AFE23FCA02800A1904F /* Frameworks */ = {
			isa = PBXFrameworksBuildPhase;
			buildActionMask = 2147483647;
			files = (
			);
			runOnlyForDeploymentPostprocessing = 0;
		};
		EBBF0B0923FCA02800A1904F /* Frameworks */ = {
			isa = PBXFrameworksBuildPhase;
			buildActionMask = 2147483647;
			files = (
			);
			runOnlyForDeploymentPostprocessing = 0;
		};
/* End PBXFrameworksBuildPhase section */

/* Begin PBXGroup section */
		EBBF0AE423FCA02600A1904F = {
			isa = PBXGroup;
			children = (
				EBBF0AEF23FCA02600A1904F /* Parstagram */,
				EBBF0B0423FCA02800A1904F /* ParstagramTests */,
				EBBF0B0F23FCA02800A1904F /* ParstagramUITests */,
				EBBF0AEE23FCA02600A1904F /* Products */,
			);
			sourceTree = "<group>";
		};
		EBBF0AEE23FCA02600A1904F /* Products */ = {
			isa = PBXGroup;
			children = (
				EBBF0AED23FCA02600A1904F /* Parstagram.app */,
				EBBF0B0123FCA02800A1904F /* ParstagramTests.xctest */,
				EBBF0B0C23FCA02800A1904F /* ParstagramUITests.xctest */,
			);
			name = Products;
			sourceTree = "<group>";
		};
		EBBF0AEF23FCA02600A1904F /* Parstagram */ = {
			isa = PBXGroup;
			children = (
				EBBF0AF023FCA02600A1904F /* AppDelegate.swift */,
				EBBF0AF223FCA02600A1904F /* ViewController.swift */,
				EBBF0AF423FCA02600A1904F /* Main.storyboard */,
				EBBF0AF723FCA02800A1904F /* Assets.xcassets */,
				EBBF0AF923FCA02800A1904F /* LaunchScreen.storyboard */,
				EBBF0AFC23FCA02800A1904F /* Info.plist */,
			);
			path = Parstagram;
			sourceTree = "<group>";
		};
		EBBF0B0423FCA02800A1904F /* ParstagramTests */ = {
			isa = PBXGroup;
			children = (
				EBBF0B0523FCA02800A1904F /* ParstagramTests.swift */,
				EBBF0B0723FCA02800A1904F /* Info.plist */,
			);
			path = ParstagramTests;
			sourceTree = "<group>";
		};
		EBBF0B0F23FCA02800A1904F /* ParstagramUITests */ = {
			isa = PBXGroup;
			children = (
				EBBF0B1023FCA02800A1904F /* ParstagramUITests.swift */,
				EBBF0B1223FCA02800A1904F /* Info.plist */,
			);
			path = ParstagramUITests;
			sourceTree = "<group>";
		};
/* End PBXGroup section */

/* Begin PBXNativeTarget section */
		EBBF0AEC23FCA02600A1904F /* Parstagram */ = {
			isa = PBXNativeTarget;
			buildConfigurationList = EBBF0B1523FCA02800A1904F /* Build configuration list for PBXNativeTarget "Parstagram" */;
			buildPhases = (
				EBBF0AE923FCA02600A1904F /* Sources */,
				EBBF0AEA23FCA02600A1904F /* Frameworks */,
				EBBF0AEB23FCA02600A1904F /* Resources */,
			);
			buildRules = (
			);
			dependencies = (
			);
			name = Parstagram;
			productName = Parstagram;
			productReference = EBBF0AED23FCA02600A1904F /* Parstagram.app */;
			productType = "com.apple.product-type.application";
		};
		EBBF0B0023FCA02800A1904F /* ParstagramTests */ = {
			isa = PBXNativeTarget;
			buildConfigurationList = EBBF0B1823FCA02800A1904F /* Build configuration list for PBXNativeTarget "ParstagramTests" */;
			buildPhases = (
				EBBF0AFD23FCA02800A1904F /* Sources */,
				EBBF0AFE23FCA02800A1904F /* Frameworks */,
				EBBF0AFF23FCA02800A1904F /* Resources */,
			);
			buildRules = (
			);
			dependencies = (
				EBBF0B0323FCA02800A1904F /* PBXTargetDependency */,
			);
			name = ParstagramTests;
			productName = ParstagramTests;
			productReference = EBBF0B0123FCA02800A1904F /* ParstagramTests.xctest */;
			productType = "com.apple.product-type.bundle.unit-test";
		};
		EBBF0B0B23FCA02800A1904F /* ParstagramUITests */ = {
			isa = PBXNativeTarget;
			buildConfigurationList = EBBF0B1B23FCA02800A1904F /* Build configuration list for PBXNativeTarget "ParstagramUITests" */;
			buildPhases = (
				EBBF0B0823FCA02800A1904F /* Sources */,
				EBBF0B0923FCA02800A1904F /* Frameworks */,
				EBBF0B0A23FCA02800A1904F /* Resources */,
			);
			buildRules = (
			);
			dependencies = (
				EBBF0B0E23FCA02800A1904F /* PBXTargetDependency */,
			);
			name = ParstagramUITests;
			productName = ParstagramUITests;
			productReference = EBBF0B0C23FCA02800A1904F /* ParstagramUITests.xctest */;
			productType = "com.apple.product-type.bundle.ui-testing";
		};
/* End PBXNativeTarget section */

/* Begin PBXProject section */
		EBBF0AE523FCA02600A1904F /* Project object */ = {
			isa = PBXProject;
			attributes = {
				LastSwiftUpdateCheck = 1020;
				LastUpgradeCheck = 1020;
				ORGANIZATIONNAME = "Brandon Hsu @ CodePath";
				TargetAttributes = {
					EBBF0AEC23FCA02600A1904F = {
						CreatedOnToolsVersion = 10.2;
					};
					EBBF0B0023FCA02800A1904F = {
						CreatedOnToolsVersion = 10.2;
						TestTargetID = EBBF0AEC23FCA02600A1904F;
					};
					EBBF0B0B23FCA02800A1904F = {
						CreatedOnToolsVersion = 10.2;
						TestTargetID = EBBF0AEC23FCA02600A1904F;
					};
				};
			};
			buildConfigurationList = EBBF0AE823FCA02600A1904F /* Build configuration list for PBXProject "Parstagram" */;
			compatibilityVersion = "Xcode 9.3";
			developmentRegion = en;
			hasScannedForEncodings = 0;
			knownRegions = (
				en,
				Base,
			);
			mainGroup = EBBF0AE423FCA02600A1904F;
			productRefGroup = EBBF0AEE23FCA02600A1904F /* Products */;
			projectDirPath = "";
			projectRoot = "";
			targets = (
				EBBF0AEC23FCA02600A1904F /* Parstagram */,
				EBBF0B0023FCA02800A1904F /* ParstagramTests */,
				EBBF0B0B23FCA02800A1904F /* ParstagramUITests */,
			);
		};
/* End PBXProject section */

/* Begin PBXResourcesBuildPhase section */
		EBBF0AEB23FCA02600A1904F /* Resources */ = {
			isa = PBXResourcesBuildPhase;
			buildActionMask = 2147483647;
			files = (
				EBBF0AFB23FCA02800A1904F /* LaunchScreen.storyboard in Resources */,
				EBBF0AF823FCA02800A1904F /* Assets.xcassets in Resources */,
				EBBF0AF623FCA02600A1904F /* Main.storyboard in Resources */,
			);
			runOnlyForDeploymentPostprocessing = 0;
		};
		EBBF0AFF23FCA02800A1904F /* Resources */ = {
			isa = PBXResourcesBuildPhase;
			buildActionMask = 2147483647;
			files = (
			);
			runOnlyForDeploymentPostprocessing = 0;
		};
		EBBF0B0A23FCA02800A1904F /* Resources */ = {
			isa = PBXResourcesBuildPhase;
			buildActionMask = 2147483647;
			files = (
			);
			runOnlyForDeploymentPostprocessing = 0;
		};
/* End PBXResourcesBuildPhase section */

/* Begin PBXSourcesBuildPhase section */
		EBBF0AE923FCA02600A1904F /* Sources */ = {
			isa = PBXSourcesBuildPhase;
			buildActionMask = 2147483647;
			files = (
				EBBF0AF323FCA02600A1904F /* ViewController.swift in Sources */,
				EBBF0AF123FCA02600A1904F /* AppDelegate.swift in Sources */,
			);
			runOnlyForDeploymentPostprocessing = 0;
		};
		EBBF0AFD23FCA02800A1904F /* Sources */ = {
			isa = PBXSourcesBuildPhase;
			buildActionMask = 2147483647;
			files = (
				EBBF0B0623FCA02800A1904F /* ParstagramTests.swift in Sources */,
			);
			runOnlyForDeploymentPostprocessing = 0;
		};
		EBBF0B0823FCA02800A1904F /* Sources */ = {
			isa = PBXSourcesBuildPhase;
			buildActionMask = 2147483647;
			files = (
				EBBF0B1123FCA02800A1904F /* ParstagramUITests.swift in Sources */,
			);
			runOnlyForDeploymentPostprocessing = 0;
		};
/* End PBXSourcesBuildPhase section */

/* Begin PBXTargetDependency section */
		EBBF0B0323FCA02800A1904F /* PBXTargetDependency */ = {
			isa = PBXTargetDependency;
			target = EBBF0AEC23FCA02600A1904F /* Parstagram */;
			targetProxy = EBBF0B0223FCA02800A1904F /* PBXContainerItemProxy */;
		};
		EBBF0B0E23FCA02800A1904F /* PBXTargetDependency */ = {
			isa = PBXTargetDependency;
			target = EBBF0AEC23FCA02600A1904F /* Parstagram */;
			targetProxy = EBBF0B0D23FCA02800A1904F /* PBXContainerItemProxy */;
		};
/* End PBXTargetDependency section */

/* Begin PBXVariantGroup section */
		EBBF0AF423FCA02600A1904F /* Main.storyboard */ = {
			isa = PBXVariantGroup;
			children = (
				EBBF0AF523FCA02600A1904F /* Base */,
			);
			name = Main.storyboard;
			sourceTree = "<group>";
		};
		EBBF0AF923FCA02800A1904F /* LaunchScreen.storyboard */ = {
			isa = PBXVariantGroup;
			children = (
				EBBF0AFA23FCA02800A1904F /* Base */,
			);
			name = LaunchScreen.storyboard;
			sourceTree = "<group>";
		};
/* End PBXVariantGroup section */

/* Begin XCBuildConfiguration section */
		EBBF0B1323FCA02800A1904F /* Debug */ = {
			isa = XCBuildConfiguration;
			buildSettings = {
				ALWAYS_SEARCH_USER_PATHS = NO;
				CLANG_ANALYZER_NONNULL = YES;
				CLANG_ANALYZER_NUMBER_OBJECT_CONVERSION = YES_AGGRESSIVE;
				CLANG_CXX_LANGUAGE_STANDARD = "gnu++14";
				CLANG_CXX_LIBRARY = "libc++";
				CLANG_ENABLE_MODULES = YES;
				CLANG_ENABLE_OBJC_ARC = YES;
				CLANG_ENABLE_OBJC_WEAK = YES;
				CLANG_WARN_BLOCK_CAPTURE_AUTORELEASING = YES;
				CLANG_WARN_BOOL_CONVERSION = YES;
				CLANG_WARN_COMMA = YES;
				CLANG_WARN_CONSTANT_CONVERSION = YES;
				CLANG_WARN_DEPRECATED_OBJC_IMPLEMENTATIONS = YES;
				CLANG_WARN_DIRECT_OBJC_ISA_USAGE = YES_ERROR;
				CLANG_WARN_DOCUMENTATION_COMMENTS = YES;
				CLANG_WARN_EMPTY_BODY = YES;
				CLANG_WARN_ENUM_CONVERSION = YES;
				CLANG_WARN_INFINITE_RECURSION = YES;
				CLANG_WARN_INT_CONVERSION = YES;
				CLANG_WARN_NON_LITERAL_NULL_CONVERSION = YES;
				CLANG_WARN_OBJC_IMPLICIT_RETAIN_SELF = YES;
				CLANG_WARN_OBJC_LITERAL_CONVERSION = YES;
				CLANG_WARN_OBJC_ROOT_CLASS = YES_ERROR;
				CLANG_WARN_RANGE_LOOP_ANALYSIS = YES;
				CLANG_WARN_STRICT_PROTOTYPES = YES;
				CLANG_WARN_SUSPICIOUS_MOVE = YES;
				CLANG_WARN_UNGUARDED_AVAILABILITY = YES_AGGRESSIVE;
				CLANG_WARN_UNREACHABLE_CODE = YES;
				CLANG_WARN__DUPLICATE_METHOD_MATCH = YES;
				CODE_SIGN_IDENTITY = "iPhone Developer";
				COPY_PHASE_STRIP = NO;
				DEBUG_INFORMATION_FORMAT = dwarf;
				ENABLE_STRICT_OBJC_MSGSEND = YES;
				ENABLE_TESTABILITY = YES;
				GCC_C_LANGUAGE_STANDARD = gnu11;
				GCC_DYNAMIC_NO_PIC = NO;
				GCC_NO_COMMON_BLOCKS = YES;
				GCC_OPTIMIZATION_LEVEL = 0;
				GCC_PREPROCESSOR_DEFINITIONS = (
					"DEBUG=1",
					"$(inherited)",
				);
				GCC_WARN_64_TO_32_BIT_CONVERSION = YES;
				GCC_WARN_ABOUT_RETURN_TYPE = YES_ERROR;
				GCC_WARN_UNDECLARED_SELECTOR = YES;
				GCC_WARN_UNINITIALIZED_AUTOS = YES_AGGRESSIVE;
				GCC_WARN_UNUSED_FUNCTION = YES;
				GCC_WARN_UNUSED_VARIABLE = YES;
				IPHONEOS_DEPLOYMENT_TARGET = 12.2;
				MTL_ENABLE_DEBUG_INFO = INCLUDE_SOURCE;
				MTL_FAST_MATH = YES;
				ONLY_ACTIVE_ARCH = YES;
				SDKROOT = iphoneos;
				SWIFT_ACTIVE_COMPILATION_CONDITIONS = DEBUG;
				SWIFT_OPTIMIZATION_LEVEL = "-Onone";
			};
			name = Debug;
		};
		EBBF0B1423FCA02800A1904F /* Release */ = {
			isa = XCBuildConfiguration;
			buildSettings = {
				ALWAYS_SEARCH_USER_PATHS = NO;
				CLANG_ANALYZER_NONNULL = YES;
				CLANG_ANALYZER_NUMBER_OBJECT_CONVERSION = YES_AGGRESSIVE;
				CLANG_CXX_LANGUAGE_STANDARD = "gnu++14";
				CLANG_CXX_LIBRARY = "libc++";
				CLANG_ENABLE_MODULES = YES;
				CLANG_ENABLE_OBJC_ARC = YES;
				CLANG_ENABLE_OBJC_WEAK = YES;
				CLANG_WARN_BLOCK_CAPTURE_AUTORELEASING = YES;
				CLANG_WARN_BOOL_CONVERSION = YES;
				CLANG_WARN_COMMA = YES;
				CLANG_WARN_CONSTANT_CONVERSION = YES;
				CLANG_WARN_DEPRECATED_OBJC_IMPLEMENTATIONS = YES;
				CLANG_WARN_DIRECT_OBJC_ISA_USAGE = YES_ERROR;
				CLANG_WARN_DOCUMENTATION_COMMENTS = YES;
				CLANG_WARN_EMPTY_BODY = YES;
				CLANG_WARN_ENUM_CONVERSION = YES;
				CLANG_WARN_INFINITE_RECURSION = YES;
				CLANG_WARN_INT_CONVERSION = YES;
				CLANG_WARN_NON_LITERAL_NULL_CONVERSION = YES;
				CLANG_WARN_OBJC_IMPLICIT_RETAIN_SELF = YES;
				CLANG_WARN_OBJC_LITERAL_CONVERSION = YES;
				CLANG_WARN_OBJC_ROOT_CLASS = YES_ERROR;
				CLANG_WARN_RANGE_LOOP_ANALYSIS = YES;
				CLANG_WARN_STRICT_PROTOTYPES = YES;
				CLANG_WARN_SUSPICIOUS_MOVE = YES;
				CLANG_WARN_UNGUARDED_AVAILABILITY = YES_AGGRESSIVE;
				CLANG_WARN_UNREACHABLE_CODE = YES;
				CLANG_WARN__DUPLICATE_METHOD_MATCH = YES;
				CODE_SIGN_IDENTITY = "iPhone Developer";
				COPY_PHASE_STRIP = NO;
				DEBUG_INFORMATION_FORMAT = "dwarf-with-dsym";
				ENABLE_NS_ASSERTIONS = NO;
				ENABLE_STRICT_OBJC_MSGSEND = YES;
				GCC_C_LANGUAGE_STANDARD = gnu11;
				GCC_NO_COMMON_BLOCKS = YES;
				GCC_WARN_64_TO_32_BIT_CONVERSION = YES;
				GCC_WARN_ABOUT_RETURN_TYPE = YES_ERROR;
				GCC_WARN_UNDECLARED_SELECTOR = YES;
				GCC_WARN_UNINITIALIZED_AUTOS = YES_AGGRESSIVE;
				GCC_WARN_UNUSED_FUNCTION = YES;
				GCC_WARN_UNUSED_VARIABLE = YES;
				IPHONEOS_DEPLOYMENT_TARGET = 12.2;
				MTL_ENABLE_DEBUG_INFO = NO;
				MTL_FAST_MATH = YES;
				SDKROOT = iphoneos;
				SWIFT_COMPILATION_MODE = wholemodule;
				SWIFT_OPTIMIZATION_LEVEL = "-O";
				VALIDATE_PRODUCT = YES;
			};
			name = Release;
		};
		EBBF0B1623FCA02800A1904F /* Debug */ = {
			isa = XCBuildConfiguration;
			buildSettings = {
				ASSETCATALOG_COMPILER_APPICON_NAME = AppIcon;
				CODE_SIGN_STYLE = Automatic;
				INFOPLIST_FILE = Parstagram/Info.plist;
				LD_RUNPATH_SEARCH_PATHS = (
					"$(inherited)",
					"@executable_path/Frameworks",
				);
				PRODUCT_BUNDLE_IDENTIFIER = BrandHsu.Parstagram;
				PRODUCT_NAME = "$(TARGET_NAME)";
				SWIFT_VERSION = 5.0;
				TARGETED_DEVICE_FAMILY = "1,2";
			};
			name = Debug;
		};
		EBBF0B1723FCA02800A1904F /* Release */ = {
			isa = XCBuildConfiguration;
			buildSettings = {
				ASSETCATALOG_COMPILER_APPICON_NAME = AppIcon;
				CODE_SIGN_STYLE = Automatic;
				INFOPLIST_FILE = Parstagram/Info.plist;
				LD_RUNPATH_SEARCH_PATHS = (
					"$(inherited)",
					"@executable_path/Frameworks",
				);
				PRODUCT_BUNDLE_IDENTIFIER = BrandHsu.Parstagram;
				PRODUCT_NAME = "$(TARGET_NAME)";
				SWIFT_VERSION = 5.0;
				TARGETED_DEVICE_FAMILY = "1,2";
			};
			name = Release;
		};
		EBBF0B1923FCA02800A1904F /* Debug */ = {
			isa = XCBuildConfiguration;
			buildSettings = {
				ALWAYS_EMBED_SWIFT_STANDARD_LIBRARIES = YES;
				BUNDLE_LOADER = "$(TEST_HOST)";
				CODE_SIGN_STYLE = Automatic;
				INFOPLIST_FILE = ParstagramTests/Info.plist;
				LD_RUNPATH_SEARCH_PATHS = (
					"$(inherited)",
					"@executable_path/Frameworks",
					"@loader_path/Frameworks",
				);
				PRODUCT_BUNDLE_IDENTIFIER = BrandHsu.ParstagramTests;
				PRODUCT_NAME = "$(TARGET_NAME)";
				SWIFT_VERSION = 5.0;
				TARGETED_DEVICE_FAMILY = "1,2";
				TEST_HOST = "$(BUILT_PRODUCTS_DIR)/Parstagram.app/Parstagram";
			};
			name = Debug;
		};
		EBBF0B1A23FCA02800A1904F /* Release */ = {
			isa = XCBuildConfiguration;
			buildSettings = {
				ALWAYS_EMBED_SWIFT_STANDARD_LIBRARIES = YES;
				BUNDLE_LOADER = "$(TEST_HOST)";
				CODE_SIGN_STYLE = Automatic;
				INFOPLIST_FILE = ParstagramTests/Info.plist;
				LD_RUNPATH_SEARCH_PATHS = (
					"$(inherited)",
					"@executable_path/Frameworks",
					"@loader_path/Frameworks",
				);
				PRODUCT_BUNDLE_IDENTIFIER = BrandHsu.ParstagramTests;
				PRODUCT_NAME = "$(TARGET_NAME)";
				SWIFT_VERSION = 5.0;
				TARGETED_DEVICE_FAMILY = "1,2";
				TEST_HOST = "$(BUILT_PRODUCTS_DIR)/Parstagram.app/Parstagram";
			};
			name = Release;
		};
		EBBF0B1C23FCA02800A1904F /* Debug */ = {
			isa = XCBuildConfiguration;
			buildSettings = {
				ALWAYS_EMBED_SWIFT_STANDARD_LIBRARIES = YES;
				CODE_SIGN_STYLE = Automatic;
				INFOPLIST_FILE = ParstagramUITests/Info.plist;
				LD_RUNPATH_SEARCH_PATHS = (
					"$(inherited)",
					"@executable_path/Frameworks",
					"@loader_path/Frameworks",
				);
				PRODUCT_BUNDLE_IDENTIFIER = BrandHsu.ParstagramUITests;
				PRODUCT_NAME = "$(TARGET_NAME)";
				SWIFT_VERSION = 5.0;
				TARGETED_DEVICE_FAMILY = "1,2";
				TEST_TARGET_NAME = Parstagram;
			};
			name = Debug;
		};
		EBBF0B1D23FCA02800A1904F /* Release */ = {
			isa = XCBuildConfiguration;
			buildSettings = {
				ALWAYS_EMBED_SWIFT_STANDARD_LIBRARIES = YES;
				CODE_SIGN_STYLE = Automatic;
				INFOPLIST_FILE = ParstagramUITests/Info.plist;
				LD_RUNPATH_SEARCH_PATHS = (
					"$(inherited)",
					"@executable_path/Frameworks",
					"@loader_path/Frameworks",
				);
				PRODUCT_BUNDLE_IDENTIFIER = BrandHsu.ParstagramUITests;
				PRODUCT_NAME = "$(TARGET_NAME)";
				SWIFT_VERSION = 5.0;
				TARGETED_DEVICE_FAMILY = "1,2";
				TEST_TARGET_NAME = Parstagram;
			};
			name = Release;
		};
/* End XCBuildConfiguration section */

/* Begin XCConfigurationList section */
		EBBF0AE823FCA02600A1904F /* Build configuration list for PBXProject "Parstagram" */ = {
			isa = XCConfigurationList;
			buildConfigurations = (
				EBBF0B1323FCA02800A1904F /* Debug */,
				EBBF0B1423FCA02800A1904F /* Release */,
			);
			defaultConfigurationIsVisible = 0;
			defaultConfigurationName = Release;
		};
		EBBF0B1523FCA02800A1904F /* Build configuration list for PBXNativeTarget "Parstagram" */ = {
			isa = XCConfigurationList;
			buildConfigurations = (
				EBBF0B1623FCA02800A1904F /* Debug */,
				EBBF0B1723FCA02800A1904F /* Release */,
			);
			defaultConfigurationIsVisible = 0;
			defaultConfigurationName = Release;
		};
		EBBF0B1823FCA02800A1904F /* Build configuration list for PBXNativeTarget "ParstagramTests" */ = {
			isa = XCConfigurationList;
			buildConfigurations = (
				EBBF0B1923FCA02800A1904F /* Debug */,
				EBBF0B1A23FCA02800A1904F /* Release */,
			);
			defaultConfigurationIsVisible = 0;
			defaultConfigurationName = Release;
		};
		EBBF0B1B23FCA02800A1904F /* Build configuration list for PBXNativeTarget "ParstagramUITests" */ = {
			isa = XCConfigurationList;
			buildConfigurations = (
				EBBF0B1C23FCA02800A1904F /* Debug */,
				EBBF0B1D23FCA02800A1904F /* Release */,
			);
			defaultConfigurationIsVisible = 0;
			defaultConfigurationName = Release;
		};
/* End XCConfigurationList section */
	};
	rootObject = EBBF0AE523FCA02600A1904F /* Project object */;
}
